
Microsoft Visual Studio Solution File, Format Version 12.00
# Visual Studio Version 17
VisualStudioVersion = 17.13.35828.75 d17.13
MinimumVisualStudioVersion = 10.0.40219.1
Project("{FAE04EC0-301F-11D3-BF4B-00C04F79EFBC}") = "AjaxCustomerCRUD", "AjaxCustomerCRUD.csproj", "{07E03F0E-116B-4B68-A28C-EC1659531B9B}"
EndProject
Global
	GlobalSection(SolutionConfigurationPlatforms) = preSolution
		Debug|Any CPU = Debug|Any CPU
		Release|Any CPU = Release|Any CPU
	EndGlobalSection
	GlobalSection(ProjectConfigurationPlatforms) = postSolution
		{07E03F0E-116B-4B68-A28C-EC1659531B9B}.Debug|Any CPU.ActiveCfg = Debug|Any CPU
		{07E03F0E-116B-4B68-A28C-EC1659531B9B}.Debug|Any CPU.Build.0 = Debug|Any CPU
		{07E03F0E-116B-4B68-A28C-EC1659531B9B}.Release|Any CPU.ActiveCfg = Release|Any CPU
		{07E03F0E-116B-4B68-A28C-EC1659531B9B}.Release|Any CPU.Build.0 = Release|Any CPU
	EndGlobalSection
	GlobalSection(SolutionProperties) = preSolution
		HideSolutionNode = FALSE
	EndGlobalSection
	GlobalSection(ExtensibilityGlobals) = postSolution
		SolutionGuid = {6278ABCC-FDDC-4EA9-9CFD-A1A6FF4203F8}
	EndGlobalSection
EndGlobal
